// !$*UTF8*$!
{
	archiveVersion = 1;
	classes = {
	};
	objectVersion = 48;
	objects = {

/* Begin PBXBuildFile section */
		673A110C1FC2B5140014AA92 /* TangramSimpleTextElement.m in Sources */ = {isa = PBXBuildFile; fileRef = 673A11071FC2B5140014AA92 /* TangramSimpleTextElement.m */; };
		673A110D1FC2B5140014AA92 /* TangramSingleImageElement.m in Sources */ = {isa = PBXBuildFile; fileRef = 673A11091FC2B5140014AA92 /* TangramSingleImageElement.m */; };
		673A110E1FC2B5140014AA92 /* MockViewController.m in Sources */ = {isa = PBXBuildFile; fileRef = 673A110B1FC2B5140014AA92 /* MockViewController.m */; };
		673A11101FC2B7020014AA92 /* TangramMock.json in Resources */ = {isa = PBXBuildFile; fileRef = 673A110F1FC2B7020014AA92 /* TangramMock.json */; };
		677797771F7E2BE90059EC02 /* ImageResource.bundle in Resources */ = {isa = PBXBuildFile; fileRef = 677797761F7E2BE90059EC02 /* ImageResource.bundle */; };
		67B20C5D1F885F5F002ADB9E /* BlockMethods.swift in Sources */ = {isa = PBXBuildFile; fileRef = 67B20C5C1F885F5F002ADB9E /* BlockMethods.swift */; };
		67B20C5F1F886A65002ADB9E /* RegionSelector.swift in Sources */ = {isa = PBXBuildFile; fileRef = 67B20C5E1F886A65002ADB9E /* RegionSelector.swift */; };
		67B4114C20034A1000147958 /* iPhoneX.png in Resources */ = {isa = PBXBuildFile; fileRef = 67B4114B20034A1000147958 /* iPhoneX.png */; };
		67B4114F20034B6700147958 /* iPhoneX@2x.png in Resources */ = {isa = PBXBuildFile; fileRef = 67B4114D20034B6600147958 /* iPhoneX@2x.png */; };
		67B4115020034B6700147958 /* iPhoneX@3x.png in Resources */ = {isa = PBXBuildFile; fileRef = 67B4114E20034B6600147958 /* iPhoneX@3x.png */; };
		67B4115A2003602700147958 /* iPhoneSE@3x.png in Resources */ = {isa = PBXBuildFile; fileRef = 67B411512003602600147958 /* iPhoneSE@3x.png */; };
		67B4115B2003602700147958 /* iPhone8@2x.png in Resources */ = {isa = PBXBuildFile; fileRef = 67B411522003602600147958 /* iPhone8@2x.png */; };
		67B4115C2003602700147958 /* iPhone8P@3x.png in Resources */ = {isa = PBXBuildFile; fileRef = 67B411532003602600147958 /* iPhone8P@3x.png */; };
		67B4115D2003602700147958 /* iPhone8@3x.png in Resources */ = {isa = PBXBuildFile; fileRef = 67B411542003602600147958 /* iPhone8@3x.png */; };
		67B4115E2003602700147958 /* iPhone8P.png in Resources */ = {isa = PBXBuildFile; fileRef = 67B411552003602600147958 /* iPhone8P.png */; };
		67B4115F2003602700147958 /* iPhone8.png in Resources */ = {isa = PBXBuildFile; fileRef = 67B411562003602600147958 /* iPhone8.png */; };
		67B411602003602700147958 /* iPhone8P@2x.png in Resources */ = {isa = PBXBuildFile; fileRef = 67B411572003602600147958 /* iPhone8P@2x.png */; };
		67B411612003602700147958 /* iPhoneSE.png in Resources */ = {isa = PBXBuildFile; fileRef = 67B411582003602700147958 /* iPhoneSE.png */; };
		67B411622003602700147958 /* iPhoneSE@2x.png in Resources */ = {isa = PBXBuildFile; fileRef = 67B411592003602700147958 /* iPhoneSE@2x.png */; };
		67C5B9901F7E4E2500EE41D1 /* MagicDialog.swift in Sources */ = {isa = PBXBuildFile; fileRef = 67C5B98F1F7E4E2500EE41D1 /* MagicDialog.swift */; };
		67D103941F8DEA5E00196CDD /* RegionModel.swift in Sources */ = {isa = PBXBuildFile; fileRef = 67D103931F8DEA5E00196CDD /* RegionModel.swift */; };
		67FC79871F7DFE53006ED628 /* BaseView.swift in Sources */ = {isa = PBXBuildFile; fileRef = 67FC79861F7DFE53006ED628 /* BaseView.swift */; };
		67FF50391F7DDC18007C010E /* Main.storyboard in Resources */ = {isa = PBXBuildFile; fileRef = 67FF50371F7DDC18007C010E /* Main.storyboard */; };
		67FF503C1F7DDC18007C010E /* JavashopBaseEngine.xcdatamodeld in Sources */ = {isa = PBXBuildFile; fileRef = 67FF503A1F7DDC18007C010E /* JavashopBaseEngine.xcdatamodeld */; };
		67FF503E1F7DDC18007C010E /* Assets.xcassets in Resources */ = {isa = PBXBuildFile; fileRef = 67FF503D1F7DDC18007C010E /* Assets.xcassets */; };
		67FF50411F7DDC18007C010E /* LaunchScreen.storyboard in Resources */ = {isa = PBXBuildFile; fileRef = 67FF503F1F7DDC18007C010E /* LaunchScreen.storyboard */; };
		67FF504C1F7DDC18007C010E /* JavashopBaseEngineTests.swift in Sources */ = {isa = PBXBuildFile; fileRef = 67FF504B1F7DDC18007C010E /* JavashopBaseEngineTests.swift */; };
		67FF50571F7DDC18007C010E /* JavashopBaseEngineUITests.swift in Sources */ = {isa = PBXBuildFile; fileRef = 67FF50561F7DDC18007C010E /* JavashopBaseEngineUITests.swift */; };
		67FF50891F7DE71F007C010E /* AutoRefeshViewHelper.swift in Sources */ = {isa = PBXBuildFile; fileRef = 67FF50681F7DE71F007C010E /* AutoRefeshViewHelper.swift */; };
		67FF508A1F7DE71F007C010E /* BaseMacro.swift in Sources */ = {isa = PBXBuildFile; fileRef = 67FF50691F7DE71F007C010E /* BaseMacro.swift */; };
		67FF508B1F7DE71F007C010E /* BasePageView.swift in Sources */ = {isa = PBXBuildFile; fileRef = 67FF506A1F7DE71F007C010E /* BasePageView.swift */; };
		67FF508C1F7DE71F007C010E /* BaseViewController.swift in Sources */ = {isa = PBXBuildFile; fileRef = 67FF506B1F7DE71F007C010E /* BaseViewController.swift */; };
		67FF508D1F7DE71F007C010E /* BaseViewModel.swift in Sources */ = {isa = PBXBuildFile; fileRef = 67FF506C1F7DE71F007C010E /* BaseViewModel.swift */; };
		67FF508E1F7DE71F007C010E /* CommonUtils.swift in Sources */ = {isa = PBXBuildFile; fileRef = 67FF506D1F7DE71F007C010E /* CommonUtils.swift */; };
		67FF508F1F7DE71F007C010E /* DefaultRefreshView.swift in Sources */ = {isa = PBXBuildFile; fileRef = 67FF506E1F7DE71F007C010E /* DefaultRefreshView.swift */; };
		67FF50901F7DE71F007C010E /* DefaultViewAnimator.swift in Sources */ = {isa = PBXBuildFile; fileRef = 67FF506F1F7DE71F007C010E /* DefaultViewAnimator.swift */; };
		67FF50911F7DE71F007C010E /* EasyCollectionView.swift in Sources */ = {isa = PBXBuildFile; fileRef = 67FF50701F7DE71F007C010E /* EasyCollectionView.swift */; };
		67FF50921F7DE71F007C010E /* EasyPageViewController.swift in Sources */ = {isa = PBXBuildFile; fileRef = 67FF50711F7DE71F007C010E /* EasyPageViewController.swift */; };
		67FF50931F7DE71F007C010E /* EasyTableView.swift in Sources */ = {isa = PBXBuildFile; fileRef = 67FF50721F7DE71F007C010E /* EasyTableView.swift */; };
		67FF50941F7DE71F007C010E /* EasyTabPageViewController.swift in Sources */ = {isa = PBXBuildFile; fileRef = 67FF50731F7DE71F007C010E /* EasyTabPageViewController.swift */; };
		67FF50951F7DE71F007C010E /* EasyTabView.swift in Sources */ = {isa = PBXBuildFile; fileRef = 67FF50741F7DE71F007C010E /* EasyTabView.swift */; };
		67FF50961F7DE71F007C010E /* MagicHeaderLayout.swift in Sources */ = {isa = PBXBuildFile; fileRef = 67FF50751F7DE71F007C010E /* MagicHeaderLayout.swift */; };
		67FF50971F7DE71F007C010E /* NetExtension.swift in Sources */ = {isa = PBXBuildFile; fileRef = 67FF50761F7DE71F007C010E /* NetExtension.swift */; };
		67FF50981F7DE71F007C010E /* NotificationUtils.swift in Sources */ = {isa = PBXBuildFile; fileRef = 67FF50771F7DE71F007C010E /* NotificationUtils.swift */; };
		67FF50991F7DE71F007C010E /* NSArray_Remove.swift in Sources */ = {isa = PBXBuildFile; fileRef = 67FF50781F7DE71F007C010E /* NSArray_Remove.swift */; };
		67FF509A1F7DE71F007C010E /* NSLayoutConstraintExtension_Remove.swift in Sources */ = {isa = PBXBuildFile; fileRef = 67FF50791F7DE71F007C010E /* NSLayoutConstraintExtension_Remove.swift */; };
		67FF509B1F7DE71F007C010E /* PullToRefresh.swift in Sources */ = {isa = PBXBuildFile; fileRef = 67FF507A1F7DE71F007C010E /* PullToRefresh.swift */; };
		67FF509C1F7DE71F007C010E /* RefreshHelper.swift in Sources */ = {isa = PBXBuildFile; fileRef = 67FF507B1F7DE71F007C010E /* RefreshHelper.swift */; };
		67FF509D1F7DE71F007C010E /* RefreshViewAnimator.swift in Sources */ = {isa = PBXBuildFile; fileRef = 67FF507C1F7DE71F007C010E /* RefreshViewAnimator.swift */; };
		67FF509E1F7DE71F007C010E /* RxCollectionViewInsertSectionDataSource.swift in Sources */ = {isa = PBXBuildFile; fileRef = 67FF507D1F7DE71F007C010E /* RxCollectionViewInsertSectionDataSource.swift */; };
		67FF509F1F7DE71F007C010E /* SJProgressHUD.swift in Sources */ = {isa = PBXBuildFile; fileRef = 67FF507E1F7DE71F007C010E /* SJProgressHUD.swift */; };
		67FF50A01F7DE71F007C010E /* State.swift in Sources */ = {isa = PBXBuildFile; fileRef = 67FF507F1F7DE71F007C010E /* State.swift */; };
		67FF50A11F7DE71F007C010E /* UIColorExtension.swift in Sources */ = {isa = PBXBuildFile; fileRef = 67FF50801F7DE71F007C010E /* UIColorExtension.swift */; };
		67FF50A21F7DE71F007C010E /* UIScrollView+PullToRefresh.swift in Sources */ = {isa = PBXBuildFile; fileRef = 67FF50811F7DE71F007C010E /* UIScrollView+PullToRefresh.swift */; };
		67FF50A31F7DE71F007C010E /* UIViewExtension_Animation.swift in Sources */ = {isa = PBXBuildFile; fileRef = 67FF50821F7DE71F007C010E /* UIViewExtension_Animation.swift */; };
		67FF50A41F7DE71F007C010E /* UIViewExtension_RemoveConstraints.swift in Sources */ = {isa = PBXBuildFile; fileRef = 67FF50831F7DE71F007C010E /* UIViewExtension_RemoveConstraints.swift */; };
		67FF50A51F7DE71F007C010E /* ViewControllerExtension_Child.swift in Sources */ = {isa = PBXBuildFile; fileRef = 67FF50841F7DE71F007C010E /* ViewControllerExtension_Child.swift */; };
		67FF50A61F7DE71F007C010E /* ViewExtension.swift in Sources */ = {isa = PBXBuildFile; fileRef = 67FF50851F7DE71F007C010E /* ViewExtension.swift */; };
		67FF50A71F7DE71F007C010E /* ViewPagerHelper.swift in Sources */ = {isa = PBXBuildFile; fileRef = 67FF50861F7DE71F007C010E /* ViewPagerHelper.swift */; };
		67FF50BB1F7DEFA4007C010E /* AndroidModle.swift in Sources */ = {isa = PBXBuildFile; fileRef = 67FF50A91F7DEFA4007C010E /* AndroidModle.swift */; };
		67FF50BC1F7DEFA4007C010E /* AppDelegate.swift in Sources */ = {isa = PBXBuildFile; fileRef = 67FF50AA1F7DEFA4007C010E /* AppDelegate.swift */; };
		67FF50BD1F7DEFA4007C010E /* FirstPage.swift in Sources */ = {isa = PBXBuildFile; fileRef = 67FF50AB1F7DEFA4007C010E /* FirstPage.swift */; };
		67FF50BE1F7DEFA4007C010E /* FirstPageController.swift in Sources */ = {isa = PBXBuildFile; fileRef = 67FF50AC1F7DEFA4007C010E /* FirstPageController.swift */; };
		67FF50BF1F7DEFA4007C010E /* FirstPageViewModel.swift in Sources */ = {isa = PBXBuildFile; fileRef = 67FF50AD1F7DEFA4007C010E /* FirstPageViewModel.swift */; };
		67FF50C01F7DEFA4007C010E /* ListCell.swift in Sources */ = {isa = PBXBuildFile; fileRef = 67FF50AE1F7DEFA4007C010E /* ListCell.swift */; };
		67FF50C11F7DEFA4007C010E /* ListViewController.swift in Sources */ = {isa = PBXBuildFile; fileRef = 67FF50AF1F7DEFA4007C010E /* ListViewController.swift */; };
		67FF50C21F7DEFA4007C010E /* ListViewModel.swift in Sources */ = {isa = PBXBuildFile; fileRef = 67FF50B01F7DEFA4007C010E /* ListViewModel.swift */; };
		67FF50C31F7DEFA4007C010E /* ListViewPage.swift in Sources */ = {isa = PBXBuildFile; fileRef = 67FF50B11F7DEFA4007C010E /* ListViewPage.swift */; };
		67FF50C41F7DEFA4007C010E /* LoginModel.swift in Sources */ = {isa = PBXBuildFile; fileRef = 67FF50B21F7DEFA4007C010E /* LoginModel.swift */; };
		67FF50C51F7DEFA4007C010E /* NetWorkPlugin.swift in Sources */ = {isa = PBXBuildFile; fileRef = 67FF50B31F7DEFA4007C010E /* NetWorkPlugin.swift */; };
		67FF50C61F7DEFA4007C010E /* PageControllerViewController.swift in Sources */ = {isa = PBXBuildFile; fileRef = 67FF50B41F7DEFA4007C010E /* PageControllerViewController.swift */; };
		67FF50C71F7DEFA4007C010E /* PagerControllerViewController.swift in Sources */ = {isa = PBXBuildFile; fileRef = 67FF50B51F7DEFA4007C010E /* PagerControllerViewController.swift */; };
		67FF50C81F7DEFA4007C010E /* TableControllerViewController.swift in Sources */ = {isa = PBXBuildFile; fileRef = 67FF50B61F7DEFA4007C010E /* TableControllerViewController.swift */; };
		67FF50C91F7DEFA4007C010E /* TableViewCell.swift in Sources */ = {isa = PBXBuildFile; fileRef = 67FF50B71F7DEFA4007C010E /* TableViewCell.swift */; };
		67FF50CA1F7DEFA4007C010E /* TableViewModel.swift in Sources */ = {isa = PBXBuildFile; fileRef = 67FF50B81F7DEFA4007C010E /* TableViewModel.swift */; };
		67FF50CB1F7DEFA4007C010E /* TableViewPage.swift in Sources */ = {isa = PBXBuildFile; fileRef = 67FF50B91F7DEFA4007C010E /* TableViewPage.swift */; };
		67FF50CC1F7DEFA4007C010E /* ViewController.swift in Sources */ = {isa = PBXBuildFile; fileRef = 67FF50BA1F7DEFA4007C010E /* ViewController.swift */; };
		EC24D07C075F066DADE94791 /* Pods_JavashopBaseEngine.framework in Frameworks */ = {isa = PBXBuildFile; fileRef = 54541566B5FEB012040E9025 /* Pods_JavashopBaseEngine.framework */; };
/* End PBXBuildFile section */

/* Begin PBXContainerItemProxy section */
		67FF50481F7DDC18007C010E /* PBXContainerItemProxy */ = {
			isa = PBXContainerItemProxy;
			containerPortal = 67FF50281F7DDC18007C010E /* Project object */;
			proxyType = 1;
			remoteGlobalIDString = 67FF502F1F7DDC18007C010E;
			remoteInfo = JavashopBaseEngine;
		};
		67FF50531F7DDC18007C010E /* PBXContainerItemProxy */ = {
			isa = PBXContainerItemProxy;
			containerPortal = 67FF50281F7DDC18007C010E /* Project object */;
			proxyType = 1;
			remoteGlobalIDString = 67FF502F1F7DDC18007C010E;
			remoteInfo = JavashopBaseEngine;
		};
/* End PBXContainerItemProxy section */

/* Begin PBXFileReference section */
		1033A23E15514C6DF1FFE00F /* Pods-JavashopBaseEngine.debug.xcconfig */ = {isa = PBXFileReference; includeInIndex = 1; lastKnownFileType = text.xcconfig; name = "Pods-JavashopBaseEngine.debug.xcconfig"; path = "Pods/Target Support Files/Pods-JavashopBaseEngine/Pods-JavashopBaseEngine.debug.xcconfig"; sourceTree = "<group>"; };
		2AB17C92BFCC65196F610098 /* Pods-JavashopBaseEngine.release.xcconfig */ = {isa = PBXFileReference; includeInIndex = 1; lastKnownFileType = text.xcconfig; name = "Pods-JavashopBaseEngine.release.xcconfig"; path = "Pods/Target Support Files/Pods-JavashopBaseEngine/Pods-JavashopBaseEngine.release.xcconfig"; sourceTree = "<group>"; };
		54541566B5FEB012040E9025 /* Pods_JavashopBaseEngine.framework */ = {isa = PBXFileReference; explicitFileType = wrapper.framework; includeInIndex = 0; path = Pods_JavashopBaseEngine.framework; sourceTree = BUILT_PRODUCTS_DIR; };
		673A10E81FBD727E0014AA92 /* OpenBridge.h */ = {isa = PBXFileReference; lastKnownFileType = sourcecode.c.h; path = OpenBridge.h; sourceTree = "<group>"; };
		673A11061FC2B5140014AA92 /* TangramSimpleTextElement.h */ = {isa = PBXFileReference; fileEncoding = 4; lastKnownFileType = sourcecode.c.h; path = TangramSimpleTextElement.h; sourceTree = "<group>"; };
		673A11071FC2B5140014AA92 /* TangramSimpleTextElement.m */ = {isa = PBXFileReference; fileEncoding = 4; lastKnownFileType = sourcecode.c.objc; path = TangramSimpleTextElement.m; sourceTree = "<group>"; };
		673A11081FC2B5140014AA92 /* TangramSingleImageElement.h */ = {isa = PBXFileReference; fileEncoding = 4; lastKnownFileType = sourcecode.c.h; path = TangramSingleImageElement.h; sourceTree = "<group>"; };
		673A11091FC2B5140014AA92 /* TangramSingleImageElement.m */ = {isa = PBXFileReference; fileEncoding = 4; lastKnownFileType = sourcecode.c.objc; path = TangramSingleImageElement.m; sourceTree = "<group>"; };
		673A110A1FC2B5140014AA92 /* MockViewController.h */ = {isa = PBXFileReference; fileEncoding = 4; lastKnownFileType = sourcecode.c.h; path = MockViewController.h; sourceTree = "<group>"; };
		673A110B1FC2B5140014AA92 /* MockViewController.m */ = {isa = PBXFileReference; fileEncoding = 4; lastKnownFileType = sourcecode.c.objc; path = MockViewController.m; sourceTree = "<group>"; };
		673A110F1FC2B7020014AA92 /* TangramMock.json */ = {isa = PBXFileReference; fileEncoding = 4; lastKnownFileType = text.json; path = TangramMock.json; sourceTree = "<group>"; };
		677797761F7E2BE90059EC02 /* ImageResource.bundle */ = {isa = PBXFileReference; lastKnownFileType = "wrapper.plug-in"; path = ImageResource.bundle; sourceTree = "<group>"; };
		67B20C5C1F885F5F002ADB9E /* BlockMethods.swift */ = {isa = PBXFileReference; lastKnownFileType = sourcecode.swift; path = BlockMethods.swift; sourceTree = "<group>"; };
		67B20C5E1F886A65002ADB9E /* RegionSelector.swift */ = {isa = PBXFileReference; lastKnownFileType = sourcecode.swift; path = RegionSelector.swift; sourceTree = "<group>"; };
		67B4114B20034A1000147958 /* iPhoneX.png */ = {isa = PBXFileReference; lastKnownFileType = image.png; path = iPhoneX.png; sourceTree = "<group>"; };
		67B4114D20034B6600147958 /* iPhoneX@2x.png */ = {isa = PBXFileReference; lastKnownFileType = image.png; path = "iPhoneX@2x.png"; sourceTree = "<group>"; };
		67B4114E20034B6600147958 /* iPhoneX@3x.png */ = {isa = PBXFileReference; lastKnownFileType = image.png; path = "iPhoneX@3x.png"; sourceTree = "<group>"; };
		67B411512003602600147958 /* iPhoneSE@3x.png */ = {isa = PBXFileReference; lastKnownFileType = image.png; path = "iPhoneSE@3x.png"; sourceTree = "<group>"; };
		67B411522003602600147958 /* iPhone8@2x.png */ = {isa = PBXFileReference; lastKnownFileType = image.png; path = "iPhone8@2x.png"; sourceTree = "<group>"; };
		67B411532003602600147958 /* iPhone8P@3x.png */ = {isa = PBXFileReference; lastKnownFileType = image.png; path = "iPhone8P@3x.png"; sourceTree = "<group>"; };
		67B411542003602600147958 /* iPhone8@3x.png */ = {isa = PBXFileReference; lastKnownFileType = image.png; path = "iPhone8@3x.png"; sourceTree = "<group>"; };
		67B411552003602600147958 /* iPhone8P.png */ = {isa = PBXFileReference; lastKnownFileType = image.png; path = iPhone8P.png; sourceTree = "<group>"; };
		67B411562003602600147958 /* iPhone8.png */ = {isa = PBXFileReference; lastKnownFileType = image.png; path = iPhone8.png; sourceTree = "<group>"; };
		67B411572003602600147958 /* iPhone8P@2x.png */ = {isa = PBXFileReference; lastKnownFileType = image.png; path = "iPhone8P@2x.png"; sourceTree = "<group>"; };
		67B411582003602700147958 /* iPhoneSE.png */ = {isa = PBXFileReference; lastKnownFileType = image.png; path = iPhoneSE.png; sourceTree = "<group>"; };
		67B411592003602700147958 /* iPhoneSE@2x.png */ = {isa = PBXFileReference; lastKnownFileType = image.png; path = "iPhoneSE@2x.png"; sourceTree = "<group>"; };
		67C5B98F1F7E4E2500EE41D1 /* MagicDialog.swift */ = {isa = PBXFileReference; lastKnownFileType = sourcecode.swift; path = MagicDialog.swift; sourceTree = "<group>"; };
		67D103931F8DEA5E00196CDD /* RegionModel.swift */ = {isa = PBXFileReference; lastKnownFileType = sourcecode.swift; path = RegionModel.swift; sourceTree = "<group>"; };
		67FC79861F7DFE53006ED628 /* BaseView.swift */ = {isa = PBXFileReference; lastKnownFileType = sourcecode.swift; path = BaseView.swift; sourceTree = "<group>"; };
		67FF50301F7DDC18007C010E /* JavashopBaseEngine.app */ = {isa = PBXFileReference; explicitFileType = wrapper.application; includeInIndex = 0; path = JavashopBaseEngine.app; sourceTree = BUILT_PRODUCTS_DIR; };
		67FF50381F7DDC18007C010E /* Base */ = {isa = PBXFileReference; lastKnownFileType = file.storyboard; name = Base; path = Base.lproj/Main.storyboard; sourceTree = "<group>"; };
		67FF503B1F7DDC18007C010E /* JavashopBaseEngine.xcdatamodel */ = {isa = PBXFileReference; lastKnownFileType = wrapper.xcdatamodel; path = JavashopBaseEngine.xcdatamodel; sourceTree = "<group>"; };
		67FF503D1F7DDC18007C010E /* Assets.xcassets */ = {isa = PBXFileReference; lastKnownFileType = folder.assetcatalog; path = Assets.xcassets; sourceTree = "<group>"; };
		67FF50401F7DDC18007C010E /* Base */ = {isa = PBXFileReference; lastKnownFileType = file.storyboard; name = Base; path = Base.lproj/LaunchScreen.storyboard; sourceTree = "<group>"; };
		67FF50421F7DDC18007C010E /* Info.plist */ = {isa = PBXFileReference; lastKnownFileType = text.plist.xml; path = Info.plist; sourceTree = "<group>"; };
		67FF50471F7DDC18007C010E /* JavashopBaseEngineTests.xctest */ = {isa = PBXFileReference; explicitFileType = wrapper.cfbundle; includeInIndex = 0; path = JavashopBaseEngineTests.xctest; sourceTree = BUILT_PRODUCTS_DIR; };
		67FF504B1F7DDC18007C010E /* JavashopBaseEngineTests.swift */ = {isa = PBXFileReference; lastKnownFileType = sourcecode.swift; path = JavashopBaseEngineTests.swift; sourceTree = "<group>"; };
		67FF504D1F7DDC18007C010E /* Info.plist */ = {isa = PBXFileReference; lastKnownFileType = text.plist.xml; path = Info.plist; sourceTree = "<group>"; };
		67FF50521F7DDC18007C010E /* JavashopBaseEngineUITests.xctest */ = {isa = PBXFileReference; explicitFileType = wrapper.cfbundle; includeInIndex = 0; path = JavashopBaseEngineUITests.xctest; sourceTree = BUILT_PRODUCTS_DIR; };
		67FF50561F7DDC18007C010E /* JavashopBaseEngineUITests.swift */ = {isa = PBXFileReference; lastKnownFileType = sourcecode.swift; path = JavashopBaseEngineUITests.swift; sourceTree = "<group>"; };
		67FF50581F7DDC18007C010E /* Info.plist */ = {isa = PBXFileReference; lastKnownFileType = text.plist.xml; path = Info.plist; sourceTree = "<group>"; };
		67FF50681F7DE71F007C010E /* AutoRefeshViewHelper.swift */ = {isa = PBXFileReference; fileEncoding = 4; lastKnownFileType = sourcecode.swift; path = AutoRefeshViewHelper.swift; sourceTree = "<group>"; };
		67FF50691F7DE71F007C010E /* BaseMacro.swift */ = {isa = PBXFileReference; fileEncoding = 4; lastKnownFileType = sourcecode.swift; path = BaseMacro.swift; sourceTree = "<group>"; };
		67FF506A1F7DE71F007C010E /* BasePageView.swift */ = {isa = PBXFileReference; fileEncoding = 4; lastKnownFileType = sourcecode.swift; path = BasePageView.swift; sourceTree = "<group>"; };
		67FF506B1F7DE71F007C010E /* BaseViewController.swift */ = {isa = PBXFileReference; fileEncoding = 4; lastKnownFileType = sourcecode.swift; path = BaseViewController.swift; sourceTree = "<group>"; };
		67FF506C1F7DE71F007C010E /* BaseViewModel.swift */ = {isa = PBXFileReference; fileEncoding = 4; lastKnownFileType = sourcecode.swift; path = BaseViewModel.swift; sourceTree = "<group>"; };
		67FF506D1F7DE71F007C010E /* CommonUtils.swift */ = {isa = PBXFileReference; fileEncoding = 4; lastKnownFileType = sourcecode.swift; path = CommonUtils.swift; sourceTree = "<group>"; };
		67FF506E1F7DE71F007C010E /* DefaultRefreshView.swift */ = {isa = PBXFileReference; fileEncoding = 4; lastKnownFileType = sourcecode.swift; path = DefaultRefreshView.swift; sourceTree = "<group>"; };
		67FF506F1F7DE71F007C010E /* DefaultViewAnimator.swift */ = {isa = PBXFileReference; fileEncoding = 4; lastKnownFileType = sourcecode.swift; path = DefaultViewAnimator.swift; sourceTree = "<group>"; };
		67FF50701F7DE71F007C010E /* EasyCollectionView.swift */ = {isa = PBXFileReference; fileEncoding = 4; lastKnownFileType = sourcecode.swift; path = EasyCollectionView.swift; sourceTree = "<group>"; };
		67FF50711F7DE71F007C010E /* EasyPageViewController.swift */ = {isa = PBXFileReference; fileEncoding = 4; lastKnownFileType = sourcecode.swift; path = EasyPageViewController.swift; sourceTree = "<group>"; };
		67FF50721F7DE71F007C010E /* EasyTableView.swift */ = {isa = PBXFileReference; fileEncoding = 4; lastKnownFileType = sourcecode.swift; path = EasyTableView.swift; sourceTree = "<group>"; };
		67FF50731F7DE71F007C010E /* EasyTabPageViewController.swift */ = {isa = PBXFileReference; fileEncoding = 4; lastKnownFileType = sourcecode.swift; path = EasyTabPageViewController.swift; sourceTree = "<group>"; };
		67FF50741F7DE71F007C010E /* EasyTabView.swift */ = {isa = PBXFileReference; fileEncoding = 4; lastKnownFileType = sourcecode.swift; path = EasyTabView.swift; sourceTree = "<group>"; };
		67FF50751F7DE71F007C010E /* MagicHeaderLayout.swift */ = {isa = PBXFileReference; fileEncoding = 4; lastKnownFileType = sourcecode.swift; path = MagicHeaderLayout.swift; sourceTree = "<group>"; };
		67FF50761F7DE71F007C010E /* NetExtension.swift */ = {isa = PBXFileReference; fileEncoding = 4; lastKnownFileType = sourcecode.swift; path = NetExtension.swift; sourceTree = "<group>"; };
		67FF50771F7DE71F007C010E /* NotificationUtils.swift */ = {isa = PBXFileReference; fileEncoding = 4; lastKnownFileType = sourcecode.swift; path = NotificationUtils.swift; sourceTree = "<group>"; };
		67FF50781F7DE71F007C010E /* NSArray_Remove.swift */ = {isa = PBXFileReference; fileEncoding = 4; lastKnownFileType = sourcecode.swift; path = NSArray_Remove.swift; sourceTree = "<group>"; };
		67FF50791F7DE71F007C010E /* NSLayoutConstraintExtension_Remove.swift */ = {isa = PBXFileReference; fileEncoding = 4; lastKnownFileType = sourcecode.swift; path = NSLayoutConstraintExtension_Remove.swift; sourceTree = "<group>"; };
		67FF507A1F7DE71F007C010E /* PullToRefresh.swift */ = {isa = PBXFileReference; fileEncoding = 4; lastKnownFileType = sourcecode.swift; path = PullToRefresh.swift; sourceTree = "<group>"; };
		67FF507B1F7DE71F007C010E /* RefreshHelper.swift */ = {isa = PBXFileReference; fileEncoding = 4; lastKnownFileType = sourcecode.swift; path = RefreshHelper.swift; sourceTree = "<group>"; };
		67FF507C1F7DE71F007C010E /* RefreshViewAnimator.swift */ = {isa = PBXFileReference; fileEncoding = 4; lastKnownFileType = sourcecode.swift; path = RefreshViewAnimator.swift; sourceTree = "<group>"; };
		67FF507D1F7DE71F007C010E /* RxCollectionViewInsertSectionDataSource.swift */ = {isa = PBXFileReference; fileEncoding = 4; lastKnownFileType = sourcecode.swift; path = RxCollectionViewInsertSectionDataSource.swift; sourceTree = "<group>"; };
		67FF507E1F7DE71F007C010E /* SJProgressHUD.swift */ = {isa = PBXFileReference; fileEncoding = 4; lastKnownFileType = sourcecode.swift; path = SJProgressHUD.swift; sourceTree = "<group>"; };
		67FF507F1F7DE71F007C010E /* State.swift */ = {isa = PBXFileReference; fileEncoding = 4; lastKnownFileType = sourcecode.swift; path = State.swift; sourceTree = "<group>"; };
		67FF50801F7DE71F007C010E /* UIColorExtension.swift */ = {isa = PBXFileReference; fileEncoding = 4; lastKnownFileType = sourcecode.swift; path = UIColorExtension.swift; sourceTree = "<group>"; };
		67FF50811F7DE71F007C010E /* UIScrollView+PullToRefresh.swift */ = {isa = PBXFileReference; fileEncoding = 4; lastKnownFileType = sourcecode.swift; path = "UIScrollView+PullToRefresh.swift"; sourceTree = "<group>"; };
		67FF50821F7DE71F007C010E /* UIViewExtension_Animation.swift */ = {isa = PBXFileReference; fileEncoding = 4; lastKnownFileType = sourcecode.swift; path = UIViewExtension_Animation.swift; sourceTree = "<group>"; };
		67FF50831F7DE71F007C010E /* UIViewExtension_RemoveConstraints.swift */ = {isa = PBXFileReference; fileEncoding = 4; lastKnownFileType = sourcecode.swift; path = UIViewExtension_RemoveConstraints.swift; sourceTree = "<group>"; };
		67FF50841F7DE71F007C010E /* ViewControllerExtension_Child.swift */ = {isa = PBXFileReference; fileEncoding = 4; lastKnownFileType = sourcecode.swift; path = ViewControllerExtension_Child.swift; sourceTree = "<group>"; };
		67FF50851F7DE71F007C010E /* ViewExtension.swift */ = {isa = PBXFileReference; fileEncoding = 4; lastKnownFileType = sourcecode.swift; path = ViewExtension.swift; sourceTree = "<group>"; };
		67FF50861F7DE71F007C010E /* ViewPagerHelper.swift */ = {isa = PBXFileReference; fileEncoding = 4; lastKnownFileType = sourcecode.swift; path = ViewPagerHelper.swift; sourceTree = "<group>"; };
		67FF50A91F7DEFA4007C010E /* AndroidModle.swift */ = {isa = PBXFileReference; fileEncoding = 4; lastKnownFileType = sourcecode.swift; path = AndroidModle.swift; sourceTree = "<group>"; };
		67FF50AA1F7DEFA4007C010E /* AppDelegate.swift */ = {isa = PBXFileReference; fileEncoding = 4; lastKnownFileType = sourcecode.swift; path = AppDelegate.swift; sourceTree = "<group>"; };
		67FF50AB1F7DEFA4007C010E /* FirstPage.swift */ = {isa = PBXFileReference; fileEncoding = 4; lastKnownFileType = sourcecode.swift; path = FirstPage.swift; sourceTree = "<group>"; };
		67FF50AC1F7DEFA4007C010E /* FirstPageController.swift */ = {isa = PBXFileReference; fileEncoding = 4; lastKnownFileType = sourcecode.swift; path = FirstPageController.swift; sourceTree = "<group>"; };
		67FF50AD1F7DEFA4007C010E /* FirstPageViewModel.swift */ = {isa = PBXFileReference; fileEncoding = 4; lastKnownFileType = sourcecode.swift; path = FirstPageViewModel.swift; sourceTree = "<group>"; };
		67FF50AE1F7DEFA4007C010E /* ListCell.swift */ = {isa = PBXFileReference; fileEncoding = 4; lastKnownFileType = sourcecode.swift; path = ListCell.swift; sourceTree = "<group>"; };
		67FF50AF1F7DEFA4007C010E /* ListViewController.swift */ = {isa = PBXFileReference; fileEncoding = 4; lastKnownFileType = sourcecode.swift; path = ListViewController.swift; sourceTree = "<group>"; };
		67FF50B01F7DEFA4007C010E /* ListViewModel.swift */ = {isa = PBXFileReference; fileEncoding = 4; lastKnownFileType = sourcecode.swift; path = ListViewModel.swift; sourceTree = "<group>"; };
		67FF50B11F7DEFA4007C010E /* ListViewPage.swift */ = {isa = PBXFileReference; fileEncoding = 4; lastKnownFileType = sourcecode.swift; path = ListViewPage.swift; sourceTree = "<group>"; };
		67FF50B21F7DEFA4007C010E /* LoginModel.swift */ = {isa = PBXFileReference; fileEncoding = 4; lastKnownFileType = sourcecode.swift; path = LoginModel.swift; sourceTree = "<group>"; };
		67FF50B31F7DEFA4007C010E /* NetWorkPlugin.swift */ = {isa = PBXFileReference; fileEncoding = 4; lastKnownFileType = sourcecode.swift; path = NetWorkPlugin.swift; sourceTree = "<group>"; };
		67FF50B41F7DEFA4007C010E /* PageControllerViewController.swift */ = {isa = PBXFileReference; fileEncoding = 4; lastKnownFileType = sourcecode.swift; path = PageControllerViewController.swift; sourceTree = "<group>"; };
		67FF50B51F7DEFA4007C010E /* PagerControllerViewController.swift */ = {isa = PBXFileReference; fileEncoding = 4; lastKnownFileType = sourcecode.swift; path = PagerControllerViewController.swift; sourceTree = "<group>"; };
		67FF50B61F7DEFA4007C010E /* TableControllerViewController.swift */ = {isa = PBXFileReference; fileEncoding = 4; lastKnownFileType = sourcecode.swift; path = TableControllerViewController.swift; sourceTree = "<group>"; };
		67FF50B71F7DEFA4007C010E /* TableViewCell.swift */ = {isa = PBXFileReference; fileEncoding = 4; lastKnownFileType = sourcecode.swift; path = TableViewCell.swift; sourceTree = "<group>"; };
		67FF50B81F7DEFA4007C010E /* TableViewModel.swift */ = {isa = PBXFileReference; fileEncoding = 4; lastKnownFileType = sourcecode.swift; path = TableViewModel.swift; sourceTree = "<group>"; };
		67FF50B91F7DEFA4007C010E /* TableViewPage.swift */ = {isa = PBXFileReference; fileEncoding = 4; lastKnownFileType = sourcecode.swift; path = TableViewPage.swift; sourceTree = "<group>"; };
		67FF50BA1F7DEFA4007C010E /* ViewController.swift */ = {isa = PBXFileReference; fileEncoding = 4; lastKnownFileType = sourcecode.swift; path = ViewController.swift; sourceTree = "<group>"; };
/* End PBXFileReference section */

/* Begin PBXFrameworksBuildPhase section */
		67FF502D1F7DDC18007C010E /* Frameworks */ = {
			isa = PBXFrameworksBuildPhase;
			buildActionMask = 2147483647;
			files = (
				EC24D07C075F066DADE94791 /* Pods_JavashopBaseEngine.framework in Frameworks */,
			);
			runOnlyForDeploymentPostprocessing = 0;
		};
		67FF50441F7DDC18007C010E /* Frameworks */ = {
			isa = PBXFrameworksBuildPhase;
			buildActionMask = 2147483647;
			files = (
			);
			runOnlyForDeploymentPostprocessing = 0;
		};
		67FF504F1F7DDC18007C010E /* Frameworks */ = {
			isa = PBXFrameworksBuildPhase;
			buildActionMask = 2147483647;
			files = (
			);
			runOnlyForDeploymentPostprocessing = 0;
		};
/* End PBXFrameworksBuildPhase section */

/* Begin PBXGroup section */
		2E12A0B6EEC293DBA775E2FD /* Pods */ = {
			isa = PBXGroup;
			children = (
				1033A23E15514C6DF1FFE00F /* Pods-JavashopBaseEngine.debug.xcconfig */,
				2AB17C92BFCC65196F610098 /* Pods-JavashopBaseEngine.release.xcconfig */,
			);
			name = Pods;
			sourceTree = "<group>";
		};
		46E2EAF7A7BC9CB583911DFE /* Frameworks */ = {
			isa = PBXGroup;
			children = (
				54541566B5FEB012040E9025 /* Pods_JavashopBaseEngine.framework */,
			);
			name = Frameworks;
			sourceTree = "<group>";
		};
		673A11041FC2B4AC0014AA92 /* Dynamic */ = {
			isa = PBXGroup;
			children = (
				673A11051FC2B5140014AA92 /* Element */,
				673A110A1FC2B5140014AA92 /* MockViewController.h */,
				673A110B1FC2B5140014AA92 /* MockViewController.m */,
			);
			path = Dynamic;
			sourceTree = "<group>";
		};
		673A11051FC2B5140014AA92 /* Element */ = {
			isa = PBXGroup;
			children = (
				673A11061FC2B5140014AA92 /* TangramSimpleTextElement.h */,
				673A11071FC2B5140014AA92 /* TangramSimpleTextElement.m */,
				673A11081FC2B5140014AA92 /* TangramSingleImageElement.h */,
				673A11091FC2B5140014AA92 /* TangramSingleImageElement.m */,
			);
			path = Element;
			sourceTree = "<group>";
		};
		67FC797D1F7DF8AD006ED628 /* Resource */ = {
			isa = PBXGroup;
			children = (
				67B411562003602600147958 /* iPhone8.png */,
				67B411522003602600147958 /* iPhone8@2x.png */,
				67B411542003602600147958 /* iPhone8@3x.png */,
				67B411552003602600147958 /* iPhone8P.png */,
				67B411572003602600147958 /* iPhone8P@2x.png */,
				67B411532003602600147958 /* iPhone8P@3x.png */,
				67B411582003602700147958 /* iPhoneSE.png */,
				67B411592003602700147958 /* iPhoneSE@2x.png */,
				67B411512003602600147958 /* iPhoneSE@3x.png */,
				67B4114D20034B6600147958 /* iPhoneX@2x.png */,
				67B4114E20034B6600147958 /* iPhoneX@3x.png */,
				67B4114B20034A1000147958 /* iPhoneX.png */,
			);
			path = Resource;
			sourceTree = "<group>";
		};
		67FF50271F7DDC18007C010E = {
			isa = PBXGroup;
			children = (
				67FF50321F7DDC18007C010E /* JavashopBaseEngine */,
				67FF504A1F7DDC18007C010E /* JavashopBaseEngineTests */,
				67FF50551F7DDC18007C010E /* JavashopBaseEngineUITests */,
				67FF50311F7DDC18007C010E /* Products */,
				2E12A0B6EEC293DBA775E2FD /* Pods */,
				46E2EAF7A7BC9CB583911DFE /* Frameworks */,
			);
			sourceTree = "<group>";
		};
		67FF50311F7DDC18007C010E /* Products */ = {
			isa = PBXGroup;
			children = (
				67FF50301F7DDC18007C010E /* JavashopBaseEngine.app */,
				67FF50471F7DDC18007C010E /* JavashopBaseEngineTests.xctest */,
				67FF50521F7DDC18007C010E /* JavashopBaseEngineUITests.xctest */,
			);
			name = Products;
			sourceTree = "<group>";
		};
		67FF50321F7DDC18007C010E /* JavashopBaseEngine */ = {
			isa = PBXGroup;
			children = (
				673A10E81FBD727E0014AA92 /* OpenBridge.h */,
				67FF50A81F7DEFA4007C010E /* Example */,
				67FF50671F7DE71F007C010E /* LibFile */,
				67FF50641F7DE71F007C010E /* Resources */,
				67FF50371F7DDC18007C010E /* Main.storyboard */,
				67FF503D1F7DDC18007C010E /* Assets.xcassets */,
				67FF503F1F7DDC18007C010E /* LaunchScreen.storyboard */,
				67FF50421F7DDC18007C010E /* Info.plist */,
				67FF503A1F7DDC18007C010E /* JavashopBaseEngine.xcdatamodeld */,
			);
			path = JavashopBaseEngine;
			sourceTree = "<group>";
		};
		67FF504A1F7DDC18007C010E /* JavashopBaseEngineTests */ = {
			isa = PBXGroup;
			children = (
				67FF504B1F7DDC18007C010E /* JavashopBaseEngineTests.swift */,
				67FF504D1F7DDC18007C010E /* Info.plist */,
			);
			path = JavashopBaseEngineTests;
			sourceTree = "<group>";
		};
		67FF50551F7DDC18007C010E /* JavashopBaseEngineUITests */ = {
			isa = PBXGroup;
			children = (
				67FF50561F7DDC18007C010E /* JavashopBaseEngineUITests.swift */,
				67FF50581F7DDC18007C010E /* Info.plist */,
			);
			path = JavashopBaseEngineUITests;
			sourceTree = "<group>";
		};
		67FF50641F7DE71F007C010E /* Resources */ = {
			isa = PBXGroup;
			children = (
				673A110F1FC2B7020014AA92 /* TangramMock.json */,
				677797761F7E2BE90059EC02 /* ImageResource.bundle */,
			);
			path = Resources;
			sourceTree = "<group>";
		};
		67FF50671F7DE71F007C010E /* LibFile */ = {
			isa = PBXGroup;
			children = (
				67FF50681F7DE71F007C010E /* AutoRefeshViewHelper.swift */,
				67FF50691F7DE71F007C010E /* BaseMacro.swift */,
				67FF506A1F7DE71F007C010E /* BasePageView.swift */,
				67FF506B1F7DE71F007C010E /* BaseViewController.swift */,
				67FF506C1F7DE71F007C010E /* BaseViewModel.swift */,
				67FF506D1F7DE71F007C010E /* CommonUtils.swift */,
				67FF506E1F7DE71F007C010E /* DefaultRefreshView.swift */,
				67FF506F1F7DE71F007C010E /* DefaultViewAnimator.swift */,
				67FF50701F7DE71F007C010E /* EasyCollectionView.swift */,
				67FF50711F7DE71F007C010E /* EasyPageViewController.swift */,
				67FF50721F7DE71F007C010E /* EasyTableView.swift */,
				67FF50731F7DE71F007C010E /* EasyTabPageViewController.swift */,
				67FF50741F7DE71F007C010E /* EasyTabView.swift */,
				67FF50751F7DE71F007C010E /* MagicHeaderLayout.swift */,
				67FF50761F7DE71F007C010E /* NetExtension.swift */,
				67FF50771F7DE71F007C010E /* NotificationUtils.swift */,
				67FF50781F7DE71F007C010E /* NSArray_Remove.swift */,
				67FF50791F7DE71F007C010E /* NSLayoutConstraintExtension_Remove.swift */,
				67FF507A1F7DE71F007C010E /* PullToRefresh.swift */,
				67FF507B1F7DE71F007C010E /* RefreshHelper.swift */,
				67FF507C1F7DE71F007C010E /* RefreshViewAnimator.swift */,
				67FF507D1F7DE71F007C010E /* RxCollectionViewInsertSectionDataSource.swift */,
				67FF507E1F7DE71F007C010E /* SJProgressHUD.swift */,
				67FF507F1F7DE71F007C010E /* State.swift */,
				67FF50801F7DE71F007C010E /* UIColorExtension.swift */,
				67FF50811F7DE71F007C010E /* UIScrollView+PullToRefresh.swift */,
				67FF50821F7DE71F007C010E /* UIViewExtension_Animation.swift */,
				67FF50831F7DE71F007C010E /* UIViewExtension_RemoveConstraints.swift */,
				67FF50841F7DE71F007C010E /* ViewControllerExtension_Child.swift */,
				67FF50851F7DE71F007C010E /* ViewExtension.swift */,
				67FF50861F7DE71F007C010E /* ViewPagerHelper.swift */,
				67FC79861F7DFE53006ED628 /* BaseView.swift */,
				67C5B98F1F7E4E2500EE41D1 /* MagicDialog.swift */,
				67B20C5C1F885F5F002ADB9E /* BlockMethods.swift */,
				67B20C5E1F886A65002ADB9E /* RegionSelector.swift */,
			);
			path = LibFile;
			sourceTree = "<group>";
		};
		67FF50A81F7DEFA4007C010E /* Example */ = {
			isa = PBXGroup;
			children = (
				673A11041FC2B4AC0014AA92 /* Dynamic */,
				67FC797D1F7DF8AD006ED628 /* Resource */,
				67FF50A91F7DEFA4007C010E /* AndroidModle.swift */,
				67FF50AA1F7DEFA4007C010E /* AppDelegate.swift */,
				67FF50AB1F7DEFA4007C010E /* FirstPage.swift */,
				67FF50AC1F7DEFA4007C010E /* FirstPageController.swift */,
				67FF50AD1F7DEFA4007C010E /* FirstPageViewModel.swift */,
				67FF50AE1F7DEFA4007C010E /* ListCell.swift */,
				67FF50AF1F7DEFA4007C010E /* ListViewController.swift */,
				67FF50B01F7DEFA4007C010E /* ListViewModel.swift */,
				67FF50B11F7DEFA4007C010E /* ListViewPage.swift */,
				67FF50B21F7DEFA4007C010E /* LoginModel.swift */,
				67FF50B31F7DEFA4007C010E /* NetWorkPlugin.swift */,
				67FF50B41F7DEFA4007C010E /* PageControllerViewController.swift */,
				67FF50B51F7DEFA4007C010E /* PagerControllerViewController.swift */,
				67FF50B61F7DEFA4007C010E /* TableControllerViewController.swift */,
				67FF50B71F7DEFA4007C010E /* TableViewCell.swift */,
				67FF50B81F7DEFA4007C010E /* TableViewModel.swift */,
				67FF50B91F7DEFA4007C010E /* TableViewPage.swift */,
				67FF50BA1F7DEFA4007C010E /* ViewController.swift */,
				67D103931F8DEA5E00196CDD /* RegionModel.swift */,
			);
			path = Example;
			sourceTree = "<group>";
		};
/* End PBXGroup section */

/* Begin PBXNativeTarget section */
		67FF502F1F7DDC18007C010E /* JavashopBaseEngine */ = {
			isa = PBXNativeTarget;
			buildConfigurationList = 67FF505B1F7DDC18007C010E /* Build configuration list for PBXNativeTarget "JavashopBaseEngine" */;
			buildPhases = (
				ABD668767574037F9ACFBF7F /* [CP] Check Pods Manifest.lock */,
				67FF502C1F7DDC18007C010E /* Sources */,
				67FF502D1F7DDC18007C010E /* Frameworks */,
				67FF502E1F7DDC18007C010E /* Resources */,
				B9ACE4AF62D1997961CD486A /* [CP] Embed Pods Frameworks */,
				6664AB117D59C400DB71D824 /* [CP] Copy Pods Resources */,
			);
			buildRules = (
			);
			dependencies = (
			);
			name = JavashopBaseEngine;
			productName = JavashopBaseEngine;
			productReference = 67FF50301F7DDC18007C010E /* JavashopBaseEngine.app */;
			productType = "com.apple.product-type.application";
		};
		67FF50461F7DDC18007C010E /* JavashopBaseEngineTests */ = {
			isa = PBXNativeTarget;
			buildConfigurationList = 67FF505E1F7DDC18007C010E /* Build configuration list for PBXNativeTarget "JavashopBaseEngineTests" */;
			buildPhases = (
				67FF50431F7DDC18007C010E /* Sources */,
				67FF50441F7DDC18007C010E /* Frameworks */,
				67FF50451F7DDC18007C010E /* Resources */,
			);
			buildRules = (
			);
			dependencies = (
				67FF50491F7DDC18007C010E /* PBXTargetDependency */,
			);
			name = JavashopBaseEngineTests;
			productName = JavashopBaseEngineTests;
			productReference = 67FF50471F7DDC18007C010E /* JavashopBaseEngineTests.xctest */;
			productType = "com.apple.product-type.bundle.unit-test";
		};
		67FF50511F7DDC18007C010E /* JavashopBaseEngineUITests */ = {
			isa = PBXNativeTarget;
			buildConfigurationList = 67FF50611F7DDC18007C010E /* Build configuration list for PBXNativeTarget "JavashopBaseEngineUITests" */;
			buildPhases = (
				67FF504E1F7DDC18007C010E /* Sources */,
				67FF504F1F7DDC18007C010E /* Frameworks */,
				67FF50501F7DDC18007C010E /* Resources */,
			);
			buildRules = (
			);
			dependencies = (
				67FF50541F7DDC18007C010E /* PBXTargetDependency */,
			);
			name = JavashopBaseEngineUITests;
			productName = JavashopBaseEngineUITests;
			productReference = 67FF50521F7DDC18007C010E /* JavashopBaseEngineUITests.xctest */;
			productType = "com.apple.product-type.bundle.ui-testing";
		};
/* End PBXNativeTarget section */

/* Begin PBXProject section */
		67FF50281F7DDC18007C010E /* Project object */ = {
			isa = PBXProject;
			attributes = {
				LastSwiftUpdateCheck = 0900;
				LastUpgradeCheck = 0900;
				ORGANIZATIONNAME = LDD;
				TargetAttributes = {
					67FF502F1F7DDC18007C010E = {
						CreatedOnToolsVersion = 9.0;
						ProvisioningStyle = Automatic;
					};
					67FF50461F7DDC18007C010E = {
						CreatedOnToolsVersion = 9.0;
						ProvisioningStyle = Automatic;
						TestTargetID = 67FF502F1F7DDC18007C010E;
					};
					67FF50511F7DDC18007C010E = {
						CreatedOnToolsVersion = 9.0;
						ProvisioningStyle = Automatic;
						TestTargetID = 67FF502F1F7DDC18007C010E;
					};
				};
			};
			buildConfigurationList = 67FF502B1F7DDC18007C010E /* Build configuration list for PBXProject "JavashopBaseEngine" */;
			compatibilityVersion = "Xcode 8.0";
			developmentRegion = en;
			hasScannedForEncodings = 0;
			knownRegions = (
				en,
				Base,
			);
			mainGroup = 67FF50271F7DDC18007C010E;
			productRefGroup = 67FF50311F7DDC18007C010E /* Products */;
			projectDirPath = "";
			projectRoot = "";
			targets = (
				67FF502F1F7DDC18007C010E /* JavashopBaseEngine */,
				67FF50461F7DDC18007C010E /* JavashopBaseEngineTests */,
				67FF50511F7DDC18007C010E /* JavashopBaseEngineUITests */,
			);
		};
/* End PBXProject section */

/* Begin PBXResourcesBuildPhase section */
		67FF502E1F7DDC18007C010E /* Resources */ = {
			isa = PBXResourcesBuildPhase;
			buildActionMask = 2147483647;
			files = (
				67B4115B2003602700147958 /* iPhone8@2x.png in Resources */,
				67B4115C2003602700147958 /* iPhone8P@3x.png in Resources */,
				67B411622003602700147958 /* iPhoneSE@2x.png in Resources */,
				67B4115E2003602700147958 /* iPhone8P.png in Resources */,
				67B4115A2003602700147958 /* iPhoneSE@3x.png in Resources */,
				67FF50411F7DDC18007C010E /* LaunchScreen.storyboard in Resources */,
				67B411602003602700147958 /* iPhone8P@2x.png in Resources */,
				67B4114F20034B6700147958 /* iPhoneX@2x.png in Resources */,
				67FF503E1F7DDC18007C010E /* Assets.xcassets in Resources */,
				677797771F7E2BE90059EC02 /* ImageResource.bundle in Resources */,
				67B4115D2003602700147958 /* iPhone8@3x.png in Resources */,
				67B411612003602700147958 /* iPhoneSE.png in Resources */,
				67B4115F2003602700147958 /* iPhone8.png in Resources */,
				67B4114C20034A1000147958 /* iPhoneX.png in Resources */,
				673A11101FC2B7020014AA92 /* TangramMock.json in Resources */,
				67FF50391F7DDC18007C010E /* Main.storyboard in Resources */,
				67B4115020034B6700147958 /* iPhoneX@3x.png in Resources */,
			);
			runOnlyForDeploymentPostprocessing = 0;
		};
		67FF50451F7DDC18007C010E /* Resources */ = {
			isa = PBXResourcesBuildPhase;
			buildActionMask = 2147483647;
			files = (
			);
			runOnlyForDeploymentPostprocessing = 0;
		};
		67FF50501F7DDC18007C010E /* Resources */ = {
			isa = PBXResourcesBuildPhase;
			buildActionMask = 2147483647;
			files = (
			);
			runOnlyForDeploymentPostprocessing = 0;
		};
/* End PBXResourcesBuildPhase section */

/* Begin PBXShellScriptBuildPhase section */
		6664AB117D59C400DB71D824 /* [CP] Copy Pods Resources */ = {
			isa = PBXShellScriptBuildPhase;
			buildActionMask = 2147483647;
			files = (
			);
			inputPaths = (
			);
			name = "[CP] Copy Pods Resources";
			outputPaths = (
			);
			runOnlyForDeploymentPostprocessing = 0;
			shellPath = /bin/sh;
			shellScript = "\"${SRCROOT}/Pods/Target Support Files/Pods-JavashopBaseEngine/Pods-JavashopBaseEngine-resources.sh\"\n";
			showEnvVarsInLog = 0;
		};
		ABD668767574037F9ACFBF7F /* [CP] Check Pods Manifest.lock */ = {
			isa = PBXShellScriptBuildPhase;
			buildActionMask = 2147483647;
			files = (
			);
			inputPaths = (
				"${PODS_PODFILE_DIR_PATH}/Podfile.lock",
				"${PODS_ROOT}/Manifest.lock",
			);
			name = "[CP] Check Pods Manifest.lock";
			outputPaths = (
				"$(DERIVED_FILE_DIR)/Pods-JavashopBaseEngine-checkManifestLockResult.txt",
			);
			runOnlyForDeploymentPostprocessing = 0;
			shellPath = /bin/sh;
			shellScript = "diff \"${PODS_PODFILE_DIR_PATH}/Podfile.lock\" \"${PODS_ROOT}/Manifest.lock\" > /dev/null\nif [ $? != 0 ] ; then\n    # print error to STDERR\n    echo \"error: The sandbox is not in sync with the Podfile.lock. Run 'pod install' or update your CocoaPods installation.\" >&2\n    exit 1\nfi\n# This output is used by Xcode 'outputs' to avoid re-running this script phase.\necho \"SUCCESS\" > \"${SCRIPT_OUTPUT_FILE_0}\"\n";
			showEnvVarsInLog = 0;
		};
		B9ACE4AF62D1997961CD486A /* [CP] Embed Pods Frameworks */ = {
			isa = PBXShellScriptBuildPhase;
			buildActionMask = 2147483647;
			files = (
			);
			inputPaths = (
				"${SRCROOT}/Pods/Target Support Files/Pods-JavashopBaseEngine/Pods-JavashopBaseEngine-frameworks.sh",
				"${BUILT_PRODUCTS_DIR}/Action/Action.framework",
				"${BUILT_PRODUCTS_DIR}/Alamofire/Alamofire.framework",
				"${BUILT_PRODUCTS_DIR}/Differentiator/Differentiator.framework",
				"${BUILT_PRODUCTS_DIR}/EZSwiftExtensions/EZSwiftExtensions.framework",
				"${BUILT_PRODUCTS_DIR}/HMSegmentedControl/HMSegmentedControl.framework",
				"${BUILT_PRODUCTS_DIR}/HandyJSON/HandyJSON.framework",
				"${BUILT_PRODUCTS_DIR}/ImageViewer/ImageViewer.framework",
				"${BUILT_PRODUCTS_DIR}/Kingfisher/Kingfisher.framework",
				"${BUILT_PRODUCTS_DIR}/Moya/Moya.framework",
				"${BUILT_PRODUCTS_DIR}/NSObject+Rx/NSObject_Rx.framework",
				"${BUILT_PRODUCTS_DIR}/NoticeBar/NoticeBar.framework",
				"${BUILT_PRODUCTS_DIR}/PermissionScope/PermissionScope.framework",
				"${BUILT_PRODUCTS_DIR}/RAMAnimatedTabBarController/RAMAnimatedTabBarController.framework",
				"${BUILT_PRODUCTS_DIR}/Realm/Realm.framework",
				"${BUILT_PRODUCTS_DIR}/RealmSwift/RealmSwift.framework",
				"${BUILT_PRODUCTS_DIR}/Result/Result.framework",
				"${BUILT_PRODUCTS_DIR}/Reusable/Reusable.framework",
				"${BUILT_PRODUCTS_DIR}/RxCocoa/RxCocoa.framework",
				"${BUILT_PRODUCTS_DIR}/RxDataSources/RxDataSources.framework",
				"${BUILT_PRODUCTS_DIR}/RxOptional/RxOptional.framework",
				"${BUILT_PRODUCTS_DIR}/RxSwift/RxSwift.framework",
				"${BUILT_PRODUCTS_DIR}/SideMenu/SideMenu.framework",
				"${BUILT_PRODUCTS_DIR}/SnapKit/SnapKit.framework",
				"${BUILT_PRODUCTS_DIR}/SwiftDate/SwiftDate.framework",
				"${BUILT_PRODUCTS_DIR}/SwiftyBeaver/SwiftyBeaver.framework",
				"${BUILT_PRODUCTS_DIR}/TangramKit/TangramKit.framework",
				"${BUILT_PRODUCTS_DIR}/Then/Then.framework",
			);
			name = "[CP] Embed Pods Frameworks";
			outputPaths = (
				"${TARGET_BUILD_DIR}/${FRAMEWORKS_FOLDER_PATH}/Action.framework",
				"${TARGET_BUILD_DIR}/${FRAMEWORKS_FOLDER_PATH}/Alamofire.framework",
				"${TARGET_BUILD_DIR}/${FRAMEWORKS_FOLDER_PATH}/Differentiator.framework",
				"${TARGET_BUILD_DIR}/${FRAMEWORKS_FOLDER_PATH}/EZSwiftExtensions.framework",
				"${TARGET_BUILD_DIR}/${FRAMEWORKS_FOLDER_PATH}/HMSegmentedControl.framework",
				"${TARGET_BUILD_DIR}/${FRAMEWORKS_FOLDER_PATH}/HandyJSON.framework",
				"${TARGET_BUILD_DIR}/${FRAMEWORKS_FOLDER_PATH}/ImageViewer.framework",
				"${TARGET_BUILD_DIR}/${FRAMEWORKS_FOLDER_PATH}/Kingfisher.framework",
				"${TARGET_BUILD_DIR}/${FRAMEWORKS_FOLDER_PATH}/Moya.framework",
				"${TARGET_BUILD_DIR}/${FRAMEWORKS_FOLDER_PATH}/NSObject_Rx.framework",
				"${TARGET_BUILD_DIR}/${FRAMEWORKS_FOLDER_PATH}/NoticeBar.framework",
				"${TARGET_BUILD_DIR}/${FRAMEWORKS_FOLDER_PATH}/PermissionScope.framework",
				"${TARGET_BUILD_DIR}/${FRAMEWORKS_FOLDER_PATH}/RAMAnimatedTabBarController.framework",
				"${TARGET_BUILD_DIR}/${FRAMEWORKS_FOLDER_PATH}/Realm.framework",
				"${TARGET_BUILD_DIR}/${FRAMEWORKS_FOLDER_PATH}/RealmSwift.framework",
				"${TARGET_BUILD_DIR}/${FRAMEWORKS_FOLDER_PATH}/Result.framework",
				"${TARGET_BUILD_DIR}/${FRAMEWORKS_FOLDER_PATH}/Reusable.framework",
				"${TARGET_BUILD_DIR}/${FRAMEWORKS_FOLDER_PATH}/RxCocoa.framework",
				"${TARGET_BUILD_DIR}/${FRAMEWORKS_FOLDER_PATH}/RxDataSources.framework",
				"${TARGET_BUILD_DIR}/${FRAMEWORKS_FOLDER_PATH}/RxOptional.framework",
				"${TARGET_BUILD_DIR}/${FRAMEWORKS_FOLDER_PATH}/RxSwift.framework",
				"${TARGET_BUILD_DIR}/${FRAMEWORKS_FOLDER_PATH}/SideMenu.framework",
				"${TARGET_BUILD_DIR}/${FRAMEWORKS_FOLDER_PATH}/SnapKit.framework",
				"${TARGET_BUILD_DIR}/${FRAMEWORKS_FOLDER_PATH}/SwiftDate.framework",
				"${TARGET_BUILD_DIR}/${FRAMEWORKS_FOLDER_PATH}/SwiftyBeaver.framework",
				"${TARGET_BUILD_DIR}/${FRAMEWORKS_FOLDER_PATH}/TangramKit.framework",
				"${TARGET_BUILD_DIR}/${FRAMEWORKS_FOLDER_PATH}/Then.framework",
			);
			runOnlyForDeploymentPostprocessing = 0;
			shellPath = /bin/sh;
			shellScript = "\"${SRCROOT}/Pods/Target Support Files/Pods-JavashopBaseEngine/Pods-JavashopBaseEngine-frameworks.sh\"\n";
			showEnvVarsInLog = 0;
		};
/* End PBXShellScriptBuildPhase section */

/* Begin PBXSourcesBuildPhase section */
		67FF502C1F7DDC18007C010E /* Sources */ = {
			isa = PBXSourcesBuildPhase;
			buildActionMask = 2147483647;
			files = (
				67FF50CC1F7DEFA4007C010E /* ViewController.swift in Sources */,
				67FF50951F7DE71F007C010E /* EasyTabView.swift in Sources */,
				67FF50C41F7DEFA4007C010E /* LoginModel.swift in Sources */,
				67FC79871F7DFE53006ED628 /* BaseView.swift in Sources */,
				67FF50A41F7DE71F007C010E /* UIViewExtension_RemoveConstraints.swift in Sources */,
				67FF50CA1F7DEFA4007C010E /* TableViewModel.swift in Sources */,
				67FF50C31F7DEFA4007C010E /* ListViewPage.swift in Sources */,
				67FF50BB1F7DEFA4007C010E /* AndroidModle.swift in Sources */,
				67B20C5F1F886A65002ADB9E /* RegionSelector.swift in Sources */,
				67FF509E1F7DE71F007C010E /* RxCollectionViewInsertSectionDataSource.swift in Sources */,
				67FF509D1F7DE71F007C010E /* RefreshViewAnimator.swift in Sources */,
				67FF50BE1F7DEFA4007C010E /* FirstPageController.swift in Sources */,
				67FF50C71F7DEFA4007C010E /* PagerControllerViewController.swift in Sources */,
				67FF509F1F7DE71F007C010E /* SJProgressHUD.swift in Sources */,
				673A110E1FC2B5140014AA92 /* MockViewController.m in Sources */,
				67FF50A51F7DE71F007C010E /* ViewControllerExtension_Child.swift in Sources */,
				67FF50A71F7DE71F007C010E /* ViewPagerHelper.swift in Sources */,
				673A110C1FC2B5140014AA92 /* TangramSimpleTextElement.m in Sources */,
				67FF50A61F7DE71F007C010E /* ViewExtension.swift in Sources */,
				67FF508B1F7DE71F007C010E /* BasePageView.swift in Sources */,
				67FF50C11F7DEFA4007C010E /* ListViewController.swift in Sources */,
				67FF50A01F7DE71F007C010E /* State.swift in Sources */,
				67FF50981F7DE71F007C010E /* NotificationUtils.swift in Sources */,
				67B20C5D1F885F5F002ADB9E /* BlockMethods.swift in Sources */,
				67FF50901F7DE71F007C010E /* DefaultViewAnimator.swift in Sources */,
				67FF508F1F7DE71F007C010E /* DefaultRefreshView.swift in Sources */,
				67FF50CB1F7DEFA4007C010E /* TableViewPage.swift in Sources */,
				67FF508A1F7DE71F007C010E /* BaseMacro.swift in Sources */,
				67FF50891F7DE71F007C010E /* AutoRefeshViewHelper.swift in Sources */,
				67FF50C91F7DEFA4007C010E /* TableViewCell.swift in Sources */,
				67FF50A31F7DE71F007C010E /* UIViewExtension_Animation.swift in Sources */,
				67FF50961F7DE71F007C010E /* MagicHeaderLayout.swift in Sources */,
				67FF50971F7DE71F007C010E /* NetExtension.swift in Sources */,
				67FF50A11F7DE71F007C010E /* UIColorExtension.swift in Sources */,
				67FF50931F7DE71F007C010E /* EasyTableView.swift in Sources */,
				67FF50991F7DE71F007C010E /* NSArray_Remove.swift in Sources */,
				67FF50C01F7DEFA4007C010E /* ListCell.swift in Sources */,
				67C5B9901F7E4E2500EE41D1 /* MagicDialog.swift in Sources */,
				67FF508D1F7DE71F007C010E /* BaseViewModel.swift in Sources */,
				67FF50C81F7DEFA4007C010E /* TableControllerViewController.swift in Sources */,
				67FF50921F7DE71F007C010E /* EasyPageViewController.swift in Sources */,
				67D103941F8DEA5E00196CDD /* RegionModel.swift in Sources */,
				67FF50C61F7DEFA4007C010E /* PageControllerViewController.swift in Sources */,
				67FF50BF1F7DEFA4007C010E /* FirstPageViewModel.swift in Sources */,
				67FF50911F7DE71F007C010E /* EasyCollectionView.swift in Sources */,
				673A110D1FC2B5140014AA92 /* TangramSingleImageElement.m in Sources */,
				67FF509C1F7DE71F007C010E /* RefreshHelper.swift in Sources */,
				67FF50C21F7DEFA4007C010E /* ListViewModel.swift in Sources */,
				67FF508C1F7DE71F007C010E /* BaseViewController.swift in Sources */,
				67FF50A21F7DE71F007C010E /* UIScrollView+PullToRefresh.swift in Sources */,
				67FF509B1F7DE71F007C010E /* PullToRefresh.swift in Sources */,
				67FF508E1F7DE71F007C010E /* CommonUtils.swift in Sources */,
				67FF509A1F7DE71F007C010E /* NSLayoutConstraintExtension_Remove.swift in Sources */,
				67FF50BD1F7DEFA4007C010E /* FirstPage.swift in Sources */,
				67FF503C1F7DDC18007C010E /* JavashopBaseEngine.xcdatamodeld in Sources */,
				67FF50BC1F7DEFA4007C010E /* AppDelegate.swift in Sources */,
				67FF50C51F7DEFA4007C010E /* NetWorkPlugin.swift in Sources */,
				67FF50941F7DE71F007C010E /* EasyTabPageViewController.swift in Sources */,
			);
			runOnlyForDeploymentPostprocessing = 0;
		};
		67FF50431F7DDC18007C010E /* Sources */ = {
			isa = PBXSourcesBuildPhase;
			buildActionMask = 2147483647;
			files = (
				67FF504C1F7DDC18007C010E /* JavashopBaseEngineTests.swift in Sources */,
			);
			runOnlyForDeploymentPostprocessing = 0;
		};
		67FF504E1F7DDC18007C010E /* Sources */ = {
			isa = PBXSourcesBuildPhase;
			buildActionMask = 2147483647;
			files = (
				67FF50571F7DDC18007C010E /* JavashopBaseEngineUITests.swift in Sources */,
			);
			runOnlyForDeploymentPostprocessing = 0;
		};
/* End PBXSourcesBuildPhase section */

/* Begin PBXTargetDependency section */
		67FF50491F7DDC18007C010E /* PBXTargetDependency */ = {
			isa = PBXTargetDependency;
			target = 67FF502F1F7DDC18007C010E /* JavashopBaseEngine */;
			targetProxy = 67FF50481F7DDC18007C010E /* PBXContainerItemProxy */;
		};
		67FF50541F7DDC18007C010E /* PBXTargetDependency */ = {
			isa = PBXTargetDependency;
			target = 67FF502F1F7DDC18007C010E /* JavashopBaseEngine */;
			targetProxy = 67FF50531F7DDC18007C010E /* PBXContainerItemProxy */;
		};
/* End PBXTargetDependency section */

/* Begin PBXVariantGroup section */
		67FF50371F7DDC18007C010E /* Main.storyboard */ = {
			isa = PBXVariantGroup;
			children = (
				67FF50381F7DDC18007C010E /* Base */,
			);
			name = Main.storyboard;
			sourceTree = "<group>";
		};
		67FF503F1F7DDC18007C010E /* LaunchScreen.storyboard */ = {
			isa = PBXVariantGroup;
			children = (
				67FF50401F7DDC18007C010E /* Base */,
			);
			name = LaunchScreen.storyboard;
			sourceTree = "<group>";
		};
/* End PBXVariantGroup section */

/* Begin XCBuildConfiguration section */
		67FF50591F7DDC18007C010E /* Debug */ = {
			isa = XCBuildConfiguration;
			buildSettings = {
				ALWAYS_SEARCH_USER_PATHS = NO;
				CLANG_ANALYZER_NONNULL = YES;
				CLANG_ANALYZER_NUMBER_OBJECT_CONVERSION = YES_AGGRESSIVE;
				CLANG_CXX_LANGUAGE_STANDARD = "gnu++14";
				CLANG_CXX_LIBRARY = "libc++";
				CLANG_ENABLE_MODULES = YES;
				CLANG_ENABLE_OBJC_ARC = YES;
				CLANG_WARN_BLOCK_CAPTURE_AUTORELEASING = YES;
				CLANG_WARN_BOOL_CONVERSION = YES;
				CLANG_WARN_COMMA = YES;
				CLANG_WARN_CONSTANT_CONVERSION = YES;
				CLANG_WARN_DIRECT_OBJC_ISA_USAGE = YES_ERROR;
				CLANG_WARN_DOCUMENTATION_COMMENTS = YES;
				CLANG_WARN_EMPTY_BODY = YES;
				CLANG_WARN_ENUM_CONVERSION = YES;
				CLANG_WARN_INFINITE_RECURSION = YES;
				CLANG_WARN_INT_CONVERSION = YES;
				CLANG_WARN_NON_LITERAL_NULL_CONVERSION = YES;
				CLANG_WARN_OBJC_LITERAL_CONVERSION = YES;
				CLANG_WARN_OBJC_ROOT_CLASS = YES_ERROR;
				CLANG_WARN_RANGE_LOOP_ANALYSIS = YES;
				CLANG_WARN_STRICT_PROTOTYPES = YES;
				CLANG_WARN_SUSPICIOUS_MOVE = YES;
				CLANG_WARN_UNGUARDED_AVAILABILITY = YES_AGGRESSIVE;
				CLANG_WARN_UNREACHABLE_CODE = YES;
				CLANG_WARN__DUPLICATE_METHOD_MATCH = YES;
				CODE_SIGN_IDENTITY = "iPhone Developer";
				COPY_PHASE_STRIP = NO;
				DEBUG_INFORMATION_FORMAT = dwarf;
				ENABLE_STRICT_OBJC_MSGSEND = YES;
				ENABLE_TESTABILITY = YES;
				GCC_C_LANGUAGE_STANDARD = gnu11;
				GCC_DYNAMIC_NO_PIC = NO;
				GCC_NO_COMMON_BLOCKS = YES;
				GCC_OPTIMIZATION_LEVEL = 0;
				GCC_PREPROCESSOR_DEFINITIONS = (
					"DEBUG=1",
					"$(inherited)",
				);
				GCC_WARN_64_TO_32_BIT_CONVERSION = YES;
				GCC_WARN_ABOUT_RETURN_TYPE = YES_ERROR;
				GCC_WARN_UNDECLARED_SELECTOR = YES;
				GCC_WARN_UNINITIALIZED_AUTOS = YES_AGGRESSIVE;
				GCC_WARN_UNUSED_FUNCTION = YES;
				GCC_WARN_UNUSED_VARIABLE = YES;
				IPHONEOS_DEPLOYMENT_TARGET = 11.0;
				MTL_ENABLE_DEBUG_INFO = YES;
				ONLY_ACTIVE_ARCH = YES;
				SDKROOT = iphoneos;
				SWIFT_ACTIVE_COMPILATION_CONDITIONS = DEBUG;
				SWIFT_OPTIMIZATION_LEVEL = "-Onone";
			};
			name = Debug;
		};
		67FF505A1F7DDC18007C010E /* Release */ = {
			isa = XCBuildConfiguration;
			buildSettings = {
				ALWAYS_SEARCH_USER_PATHS = NO;
				CLANG_ANALYZER_NONNULL = YES;
				CLANG_ANALYZER_NUMBER_OBJECT_CONVERSION = YES_AGGRESSIVE;
				CLANG_CXX_LANGUAGE_STANDARD = "gnu++14";
				CLANG_CXX_LIBRARY = "libc++";
				CLANG_ENABLE_MODULES = YES;
				CLANG_ENABLE_OBJC_ARC = YES;
				CLANG_WARN_BLOCK_CAPTURE_AUTORELEASING = YES;
				CLANG_WARN_BOOL_CONVERSION = YES;
				CLANG_WARN_COMMA = YES;
				CLANG_WARN_CONSTANT_CONVERSION = YES;
				CLANG_WARN_DIRECT_OBJC_ISA_USAGE = YES_ERROR;
				CLANG_WARN_DOCUMENTATION_COMMENTS = YES;
				CLANG_WARN_EMPTY_BODY = YES;
				CLANG_WARN_ENUM_CONVERSION = YES;
				CLANG_WARN_INFINITE_RECURSION = YES;
				CLANG_WARN_INT_CONVERSION = YES;
				CLANG_WARN_NON_LITERAL_NULL_CONVERSION = YES;
				CLANG_WARN_OBJC_LITERAL_CONVERSION = YES;
				CLANG_WARN_OBJC_ROOT_CLASS = YES_ERROR;
				CLANG_WARN_RANGE_LOOP_ANALYSIS = YES;
				CLANG_WARN_STRICT_PROTOTYPES = YES;
				CLANG_WARN_SUSPICIOUS_MOVE = YES;
				CLANG_WARN_UNGUARDED_AVAILABILITY = YES_AGGRESSIVE;
				CLANG_WARN_UNREACHABLE_CODE = YES;
				CLANG_WARN__DUPLICATE_METHOD_MATCH = YES;
				CODE_SIGN_IDENTITY = "iPhone Developer";
				COPY_PHASE_STRIP = NO;
				DEBUG_INFORMATION_FORMAT = "dwarf-with-dsym";
				ENABLE_NS_ASSERTIONS = NO;
				ENABLE_STRICT_OBJC_MSGSEND = YES;
				GCC_C_LANGUAGE_STANDARD = gnu11;
				GCC_NO_COMMON_BLOCKS = YES;
				GCC_WARN_64_TO_32_BIT_CONVERSION = YES;
				GCC_WARN_ABOUT_RETURN_TYPE = YES_ERROR;
				GCC_WARN_UNDECLARED_SELECTOR = YES;
				GCC_WARN_UNINITIALIZED_AUTOS = YES_AGGRESSIVE;
				GCC_WARN_UNUSED_FUNCTION = YES;
				GCC_WARN_UNUSED_VARIABLE = YES;
				IPHONEOS_DEPLOYMENT_TARGET = 11.0;
				MTL_ENABLE_DEBUG_INFO = NO;
				SDKROOT = iphoneos;
				SWIFT_OPTIMIZATION_LEVEL = "-Owholemodule";
				VALIDATE_PRODUCT = YES;
			};
			name = Release;
		};
		67FF505C1F7DDC18007C010E /* Debug */ = {
			isa = XCBuildConfiguration;
			baseConfigurationReference = 1033A23E15514C6DF1FFE00F /* Pods-JavashopBaseEngine.debug.xcconfig */;
			buildSettings = {
				ASSETCATALOG_COMPILER_APPICON_NAME = AppIcon;
				ASSETCATALOG_COMPILER_LAUNCHIMAGE_NAME = LaunchImage;
				CODE_SIGN_STYLE = Automatic;
				DEVELOPMENT_TEAM = H66H84PFH7;
				INFOPLIST_FILE = JavashopBaseEngine/Info.plist;
				LD_RUNPATH_SEARCH_PATHS = "$(inherited) @executable_path/Frameworks";
				PRODUCT_BUNDLE_IDENTIFIER = com.enation.ios.JavashopBaseEngine.JavashopBaseEngine;
				PRODUCT_NAME = "$(TARGET_NAME)";
				SWIFT_OBJC_BRIDGING_HEADER = JavashopBaseEngine/OpenBridge.h;
				SWIFT_VERSION = 3.0;
				TARGETED_DEVICE_FAMILY = "1,2";
			};
			name = Debug;
		};
		67FF505D1F7DDC18007C010E /* Release */ = {
			isa = XCBuildConfiguration;
			baseConfigurationReference = 2AB17C92BFCC65196F610098 /* Pods-JavashopBaseEngine.release.xcconfig */;
			buildSettings = {
				ASSETCATALOG_COMPILER_APPICON_NAME = AppIcon;
				ASSETCATALOG_COMPILER_LAUNCHIMAGE_NAME = LaunchImage;
				CODE_SIGN_STYLE = Automatic;
				DEVELOPMENT_TEAM = H66H84PFH7;
				INFOPLIST_FILE = JavashopBaseEngine/Info.plist;
				LD_RUNPATH_SEARCH_PATHS = "$(inherited) @executable_path/Frameworks";
				PRODUCT_BUNDLE_IDENTIFIER = com.enation.ios.JavashopBaseEngine.JavashopBaseEngine;
				PRODUCT_NAME = "$(TARGET_NAME)";
				SWIFT_OBJC_BRIDGING_HEADER = JavashopBaseEngine/OpenBridge.h;
				SWIFT_VERSION = 3.0;
				TARGETED_DEVICE_FAMILY = "1,2";
			};
			name = Release;
		};
		67FF505F1F7DDC18007C010E /* Debug */ = {
			isa = XCBuildConfiguration;
			buildSettings = {
				ALWAYS_EMBED_SWIFT_STANDARD_LIBRARIES = YES;
				BUNDLE_LOADER = "$(TEST_HOST)";
				CODE_SIGN_STYLE = Automatic;
				DEVELOPMENT_TEAM = H66H84PFH7;
				INFOPLIST_FILE = JavashopBaseEngineTests/Info.plist;
				LD_RUNPATH_SEARCH_PATHS = "$(inherited) @executable_path/Frameworks @loader_path/Frameworks";
				PRODUCT_BUNDLE_IDENTIFIER = com.enation.ios.JavashopBaseEngine.JavashopBaseEngineTests;
				PRODUCT_NAME = "$(TARGET_NAME)";
				SWIFT_VERSION = 4.0;
				TARGETED_DEVICE_FAMILY = "1,2";
				TEST_HOST = "$(BUILT_PRODUCTS_DIR)/JavashopBaseEngine.app/JavashopBaseEngine";
			};
			name = Debug;
		};
		67FF50601F7DDC18007C010E /* Release */ = {
			isa = XCBuildConfiguration;
			buildSettings = {
				ALWAYS_EMBED_SWIFT_STANDARD_LIBRARIES = YES;
				BUNDLE_LOADER = "$(TEST_HOST)";
				CODE_SIGN_STYLE = Automatic;
				DEVELOPMENT_TEAM = H66H84PFH7;
				INFOPLIST_FILE = JavashopBaseEngineTests/Info.plist;
				LD_RUNPATH_SEARCH_PATHS = "$(inherited) @executable_path/Frameworks @loader_path/Frameworks";
				PRODUCT_BUNDLE_IDENTIFIER = com.enation.ios.JavashopBaseEngine.JavashopBaseEngineTests;
				PRODUCT_NAME = "$(TARGET_NAME)";
				SWIFT_VERSION = 4.0;
				TARGETED_DEVICE_FAMILY = "1,2";
				TEST_HOST = "$(BUILT_PRODUCTS_DIR)/JavashopBaseEngine.app/JavashopBaseEngine";
			};
			name = Release;
		};
		67FF50621F7DDC18007C010E /* Debug */ = {
			isa = XCBuildConfiguration;
			buildSettings = {
				ALWAYS_EMBED_SWIFT_STANDARD_LIBRARIES = YES;
				CODE_SIGN_STYLE = Automatic;
				DEVELOPMENT_TEAM = H66H84PFH7;
				INFOPLIST_FILE = JavashopBaseEngineUITests/Info.plist;
				LD_RUNPATH_SEARCH_PATHS = "$(inherited) @executable_path/Frameworks @loader_path/Frameworks";
				PRODUCT_BUNDLE_IDENTIFIER = com.enation.ios.JavashopBaseEngine.JavashopBaseEngineUITests;
				PRODUCT_NAME = "$(TARGET_NAME)";
				SWIFT_VERSION = 4.0;
				TARGETED_DEVICE_FAMILY = "1,2";
				TEST_TARGET_NAME = JavashopBaseEngine;
			};
			name = Debug;
		};
		67FF50631F7DDC18007C010E /* Release */ = {
			isa = XCBuildConfiguration;
			buildSettings = {
				ALWAYS_EMBED_SWIFT_STANDARD_LIBRARIES = YES;
				CODE_SIGN_STYLE = Automatic;
				DEVELOPMENT_TEAM = H66H84PFH7;
				INFOPLIST_FILE = JavashopBaseEngineUITests/Info.plist;
				LD_RUNPATH_SEARCH_PATHS = "$(inherited) @executable_path/Frameworks @loader_path/Frameworks";
				PRODUCT_BUNDLE_IDENTIFIER = com.enation.ios.JavashopBaseEngine.JavashopBaseEngineUITests;
				PRODUCT_NAME = "$(TARGET_NAME)";
				SWIFT_VERSION = 4.0;
				TARGETED_DEVICE_FAMILY = "1,2";
				TEST_TARGET_NAME = JavashopBaseEngine;
			};
			name = Release;
		};
/* End XCBuildConfiguration section */

/* Begin XCConfigurationList section */
		67FF502B1F7DDC18007C010E /* Build configuration list for PBXProject "JavashopBaseEngine" */ = {
			isa = XCConfigurationList;
			buildConfigurations = (
				67FF50591F7DDC18007C010E /* Debug */,
				67FF505A1F7DDC18007C010E /* Release */,
			);
			defaultConfigurationIsVisible = 0;
			defaultConfigurationName = Release;
		};
		67FF505B1F7DDC18007C010E /* Build configuration list for PBXNativeTarget "JavashopBaseEngine" */ = {
			isa = XCConfigurationList;
			buildConfigurations = (
				67FF505C1F7DDC18007C010E /* Debug */,
				67FF505D1F7DDC18007C010E /* Release */,
			);
			defaultConfigurationIsVisible = 0;
			defaultConfigurationName = Release;
		};
		67FF505E1F7DDC18007C010E /* Build configuration list for PBXNativeTarget "JavashopBaseEngineTests" */ = {
			isa = XCConfigurationList;
			buildConfigurations = (
				67FF505F1F7DDC18007C010E /* Debug */,
				67FF50601F7DDC18007C010E /* Release */,
			);
			defaultConfigurationIsVisible = 0;
			defaultConfigurationName = Release;
		};
		67FF50611F7DDC18007C010E /* Build configuration list for PBXNativeTarget "JavashopBaseEngineUITests" */ = {
			isa = XCConfigurationList;
			buildConfigurations = (
				67FF50621F7DDC18007C010E /* Debug */,
				67FF50631F7DDC18007C010E /* Release */,
			);
			defaultConfigurationIsVisible = 0;
			defaultConfigurationName = Release;
		};
/* End XCConfigurationList section */

/* Begin XCVersionGroup section */
		67FF503A1F7DDC18007C010E /* JavashopBaseEngine.xcdatamodeld */ = {
			isa = XCVersionGroup;
			children = (
				67FF503B1F7DDC18007C010E /* JavashopBaseEngine.xcdatamodel */,
			);
			currentVersion = 67FF503B1F7DDC18007C010E /* JavashopBaseEngine.xcdatamodel */;
			path = JavashopBaseEngine.xcdatamodeld;
			sourceTree = "<group>";
			versionGroupType = wrapper.xcdatamodel;
		};
/* End XCVersionGroup section */
	};
	rootObject = 67FF50281F7DDC18007C010E /* Project object */;
}
